// !$*UTF8*$!
{
	archiveVersion = 1;
	classes = {
	};
	objectVersion = 77;
	objects = {

/* Begin PBXBuildFile section */
		DD7AE1F62F18D90A0042B373 /* HotSwiftUI in Frameworks */ = {isa = PBXBuildFile; productRef = DD7AE1F52F18D90A0042B373 /* HotSwiftUI */; };
/* End PBXBuildFile section */

/* Begin PBXContainerItemProxy section */
		DDA9E84C2F1783FA0018E398 /* PBXContainerItemProxy */ = {
			isa = PBXContainerItemProxy;
			containerPortal = DDA9E8362F1783F90018E398 /* Project object */;
			proxyType = 1;
			remoteGlobalIDString = DDA9E83D2F1783F90018E398;
			remoteInfo = iCove;
		};
		DDA9E8562F1783FA0018E398 /* PBXContainerItemProxy */ = {
			isa = PBXContainerItemProxy;
			containerPortal = DDA9E8362F1783F90018E398 /* Project object */;
			proxyType = 1;
			remoteGlobalIDString = DDA9E83D2F1783F90018E398;
			remoteInfo = iCove;
		};
/* End PBXContainerItemProxy section */

/* Begin PBXFileReference section */
		DDA9E83E2F1783F90018E398 /* iCove.app */ = {isa = PBXFileReference; explicitFileType = wrapper.application; includeInIndex = 0; path = iCove.app; sourceTree = BUILT_PRODUCTS_DIR; };
		DDA9E84B2F1783FA0018E398 /* iCoveTests.xctest */ = {isa = PBXFileReference; explicitFileType = wrapper.cfbundle; includeInIndex = 0; path = iCoveTests.xctest; sourceTree = BUILT_PRODUCTS_DIR; };
		DDA9E8552F1783FA0018E398 /* iCoveUITests.xctest */ = {isa = PBXFileReference; explicitFileType = wrapper.cfbundle; includeInIndex = 0; path = iCoveUITests.xctest; sourceTree = BUILT_PRODUCTS_DIR; };
/* End PBXFileReference section */

/* Begin PBXFileSystemSynchronizedBuildFileExceptionSet section */
		DD31F1AE2F18FF6D00AF71E6 /* Exceptions for "iCove" folder in "iCove" target */ = {
			isa = PBXFileSystemSynchronizedBuildFileExceptionSet;
			membershipExceptions = (
				Info.plist,
			);
			target = DDA9E83D2F1783F90018E398 /* iCove */;
		};
/* End PBXFileSystemSynchronizedBuildFileExceptionSet section */

/* Begin PBXFileSystemSynchronizedRootGroup section */
		DD31F1CA2F19D77200AF71E6 /* Videos */ = {
			isa = PBXFileSystemSynchronizedRootGroup;
			path = Videos;
			sourceTree = "<group>";
		};
		DDA9E8402F1783F90018E398 /* iCove */ = {
			isa = PBXFileSystemSynchronizedRootGroup;
			exceptions = (
				DD31F1AE2F18FF6D00AF71E6 /* Exceptions for "iCove" folder in "iCove" target */,
			);
			path = iCove;
			sourceTree = "<group>";
		};
		DDA9E84E2F1783FA0018E398 /* iCoveTests */ = {
			isa = PBXFileSystemSynchronizedRootGroup;
			path = iCoveTests;
			sourceTree = "<group>";
		};
		DDA9E8582F1783FA0018E398 /* iCoveUITests */ = {
			isa = PBXFileSystemSynchronizedRootGroup;
			path = iCoveUITests;
			sourceTree = "<group>";
		};
/* End PBXFileSystemSynchronizedRootGroup section */

/* Begin PBXFrameworksBuildPhase section */
		DDA9E83B2F1783F90018E398 /* Frameworks */ = {
			isa = PBXFrameworksBuildPhase;
			buildActionMask = 2147483647;
			files = (
				DD7AE1F62F18D90A0042B373 /* HotSwiftUI in Frameworks */,
			);
			runOnlyForDeploymentPostprocessing = 0;
		};
		DDA9E8482F1783FA0018E398 /* Frameworks */ = {
			isa = PBXFrameworksBuildPhase;
			buildActionMask = 2147483647;
			files = (
			);
			runOnlyForDeploymentPostprocessing = 0;
		};
		DDA9E8522F1783FA0018E398 /* Frameworks */ = {
			isa = PBXFrameworksBuildPhase;
			buildActionMask = 2147483647;
			files = (
			);
			runOnlyForDeploymentPostprocessing = 0;
		};
/* End PBXFrameworksBuildPhase section */

/* Begin PBXGroup section */
		DDA9E8352F1783F90018E398 = {
			isa = PBXGroup;
			children = (
				DD31F1CA2F19D77200AF71E6 /* Videos */,
				DDA9E84E2F1783FA0018E398 /* iCoveTests */,
				DDA9E8582F1783FA0018E398 /* iCoveUITests */,
				DDA9E83F2F1783F90018E398 /* Products */,
				DDA9E8402F1783F90018E398 /* iCove */,
			);
			sourceTree = "<group>";
		};
		DDA9E83F2F1783F90018E398 /* Products */ = {
			isa = PBXGroup;
			children = (
				DDA9E83E2F1783F90018E398 /* iCove.app */,
				DDA9E84B2F1783FA0018E398 /* iCoveTests.xctest */,
				DDA9E8552F1783FA0018E398 /* iCoveUITests.xctest */,
			);
			name = Products;
			sourceTree = "<group>";
		};
/* End PBXGroup section */

/* Begin PBXNativeTarget section */
		DDA9E83D2F1783F90018E398 /* iCove */ = {
			isa = PBXNativeTarget;
			buildConfigurationList = DDA9E85F2F1783FA0018E398 /* Build configuration list for PBXNativeTarget "iCove" */;
			buildPhases = (
				DDA9E83A2F1783F90018E398 /* Sources */,
				DDA9E83B2F1783F90018E398 /* Frameworks */,
				DD3BAB9A2F20D619000A0297 /* Copy Injection Bundle */,
				DDA9E83C2F1783F90018E398 /* Resources */,
			);
			buildRules = (
			);
			dependencies = (
			);
			fileSystemSynchronizedGroups = (
				DD31F1CA2F19D77200AF71E6 /* Videos */,
				DDA9E8402F1783F90018E398 /* iCove */,
			);
			name = iCove;
			packageProductDependencies = (
				DD7AE1F52F18D90A0042B373 /* HotSwiftUI */,
			);
			productName = iCove;
			productReference = DDA9E83E2F1783F90018E398 /* iCove.app */;
			productType = "com.apple.product-type.application";
		};
		DDA9E84A2F1783FA0018E398 /* iCoveTests */ = {
			isa = PBXNativeTarget;
			buildConfigurationList = DDA9E8622F1783FA0018E398 /* Build configuration list for PBXNativeTarget "iCoveTests" */;
			buildPhases = (
				DDA9E8472F1783FA0018E398 /* Sources */,
				DDA9E8482F1783FA0018E398 /* Frameworks */,
				DDA9E8492F1783FA0018E398 /* Resources */,
			);
			buildRules = (
			);
			dependencies = (
				DDA9E84D2F1783FA0018E398 /* PBXTargetDependency */,
			);
			fileSystemSynchronizedGroups = (
				DDA9E84E2F1783FA0018E398 /* iCoveTests */,
			);
			name = iCoveTests;
			packageProductDependencies = (
			);
			productName = iCoveTests;
			productReference = DDA9E84B2F1783FA0018E398 /* iCoveTests.xctest */;
			productType = "com.apple.product-type.bundle.unit-test";
		};
		DDA9E8542F1783FA0018E398 /* iCoveUITests */ = {
			isa = PBXNativeTarget;
			buildConfigurationList = DDA9E8652F1783FA0018E398 /* Build configuration list for PBXNativeTarget "iCoveUITests" */;
			buildPhases = (
				DDA9E8512F1783FA0018E398 /* Sources */,
				DDA9E8522F1783FA0018E398 /* Frameworks */,
				DDA9E8532F1783FA0018E398 /* Resources */,
			);
			buildRules = (
			);
			dependencies = (
				DDA9E8572F1783FA0018E398 /* PBXTargetDependency */,
			);
			fileSystemSynchronizedGroups = (
				DDA9E8582F1783FA0018E398 /* iCoveUITests */,
			);
			name = iCoveUITests;
			packageProductDependencies = (
			);
			productName = iCoveUITests;
			productReference = DDA9E8552F1783FA0018E398 /* iCoveUITests.xctest */;
			productType = "com.apple.product-type.bundle.ui-testing";
		};
/* End PBXNativeTarget section */

/* Begin PBXProject section */
		DDA9E8362F1783F90018E398 /* Project object */ = {
			isa = PBXProject;
			attributes = {
				BuildIndependentTargetsInParallel = 1;
				LastSwiftUpdateCheck = 1640;
				LastUpgradeCheck = 1640;
				TargetAttributes = {
					DDA9E83D2F1783F90018E398 = {
						CreatedOnToolsVersion = 16.4;
					};
					DDA9E84A2F1783FA0018E398 = {
						CreatedOnToolsVersion = 16.4;
						TestTargetID = DDA9E83D2F1783F90018E398;
					};
					DDA9E8542F1783FA0018E398 = {
						CreatedOnToolsVersion = 16.4;
						TestTargetID = DDA9E83D2F1783F90018E398;
					};
				};
			};
			buildConfigurationList = DDA9E8392F1783F90018E398 /* Build configuration list for PBXProject "iCove" */;
			developmentRegion = en;
			hasScannedForEncodings = 0;
			knownRegions = (
				en,
				Base,
			);
			mainGroup = DDA9E8352F1783F90018E398;
			minimizedProjectReferenceProxies = 1;
			packageReferences = (
				DD7AE1F42F18D9090042B373 /* XCRemoteSwiftPackageReference "HotSwiftUI" */,
			);
			preferredProjectObjectVersion = 77;
			productRefGroup = DDA9E83F2F1783F90018E398 /* Products */;
			projectDirPath = "";
			projectRoot = "";
			targets = (
				DDA9E83D2F1783F90018E398 /* iCove */,
				DDA9E84A2F1783FA0018E398 /* iCoveTests */,
				DDA9E8542F1783FA0018E398 /* iCoveUITests */,
			);
		};
/* End PBXProject section */

/* Begin PBXResourcesBuildPhase section */
		DDA9E83C2F1783F90018E398 /* Resources */ = {
			isa = PBXResourcesBuildPhase;
			buildActionMask = 2147483647;
			files = (
			);
			runOnlyForDeploymentPostprocessing = 0;
		};
		DDA9E8492F1783FA0018E398 /* Resources */ = {
			isa = PBXResourcesBuildPhase;
			buildActionMask = 2147483647;
			files = (
			);
			runOnlyForDeploymentPostprocessing = 0;
		};
		DDA9E8532F1783FA0018E398 /* Resources */ = {
			isa = PBXResourcesBuildPhase;
			buildActionMask = 2147483647;
			files = (
			);
			runOnlyForDeploymentPostprocessing = 0;
		};
/* End PBXResourcesBuildPhase section */

/* Begin PBXShellScriptBuildPhase section */
		DD3BAB9A2F20D619000A0297 /* Copy Injection Bundle */ = {
			isa = PBXShellScriptBuildPhase;
			buildActionMask = 2147483647;
			files = (
			);
			inputFileListPaths = (
			);
			inputPaths = (
			);
			name = "Copy Injection Bundle";
			outputFileListPaths = (
			);
			outputPaths = (
			);
			runOnlyForDeploymentPostprocessing = 0;
			shellPath = /bin/sh;
			shellScript = "# Type a script or drag a script file from your workspace to insert its path.\nexport RESOURCES=\"/Applications/InjectionNext.app/Contents/Resources\"\nif [ -f \"$RESOURCES/copy_bundle.sh\" ]; then\n    \"$RESOURCES/copy_bundle.sh\"\nfi\n";
		};
/* End PBXShellScriptBuildPhase section */

/* Begin PBXSourcesBuildPhase section */
		DDA9E83A2F1783F90018E398 /* Sources */ = {
			isa = PBXSourcesBuildPhase;
			buildActionMask = 2147483647;
			files = (
			);
			runOnlyForDeploymentPostprocessing = 0;
		};
		DDA9E8472F1783FA0018E398 /* Sources */ = {
			isa = PBXSourcesBuildPhase;
			buildActionMask = 2147483647;
			files = (
			);
			runOnlyForDeploymentPostprocessing = 0;
		};
		DDA9E8512F1783FA0018E398 /* Sources */ = {
			isa = PBXSourcesBuildPhase;
			buildActionMask = 2147483647;
			files = (
			);
			runOnlyForDeploymentPostprocessing = 0;
		};
/* End PBXSourcesBuildPhase section */

/* Begin PBXTargetDependency section */
		DDA9E84D2F1783FA0018E398 /* PBXTargetDependency */ = {
			isa = PBXTargetDependency;
			target = DDA9E83D2F1783F90018E398 /* iCove */;
			targetProxy = DDA9E84C2F1783FA0018E398 /* PBXContainerItemProxy */;
		};
		DDA9E8572F1783FA0018E398 /* PBXTargetDependency */ = {
			isa = PBXTargetDependency;
			target = DDA9E83D2F1783F90018E398 /* iCove */;
			targetProxy = DDA9E8562F1783FA0018E398 /* PBXContainerItemProxy */;
		};
/* End PBXTargetDependency section */

/* Begin XCBuildConfiguration section */
		DDA9E85D2F1783FA0018E398 /* Debug */ = {
			isa = XCBuildConfiguration;
			buildSettings = {
				ALWAYS_SEARCH_USER_PATHS = NO;
				ASSETCATALOG_COMPILER_GENERATE_SWIFT_ASSET_SYMBOL_EXTENSIONS = YES;
				CLANG_ANALYZER_NONNULL = YES;
				CLANG_ANALYZER_NUMBER_OBJECT_CONVERSION = YES_AGGRESSIVE;
				CLANG_CXX_LANGUAGE_STANDARD = "gnu++20";
				CLANG_ENABLE_MODULES = YES;
				CLANG_ENABLE_OBJC_ARC = YES;
				CLANG_ENABLE_OBJC_WEAK = YES;
				CLANG_WARN_BLOCK_CAPTURE_AUTORELEASING = YES;
				CLANG_WARN_BOOL_CONVERSION = YES;
				CLANG_WARN_COMMA = YES;
				CLANG_WARN_CONSTANT_CONVERSION = YES;
				CLANG_WARN_DEPRECATED_OBJC_IMPLEMENTATIONS = YES;
				CLANG_WARN_DIRECT_OBJC_ISA_USAGE = YES_ERROR;
				CLANG_WARN_DOCUMENTATION_COMMENTS = YES;
				CLANG_WARN_EMPTY_BODY = YES;
				CLANG_WARN_ENUM_CONVERSION = YES;
				CLANG_WARN_INFINITE_RECURSION = YES;
				CLANG_WARN_INT_CONVERSION = YES;
				CLANG_WARN_NON_LITERAL_NULL_CONVERSION = YES;
				CLANG_WARN_OBJC_IMPLICIT_RETAIN_SELF = YES;
				CLANG_WARN_OBJC_LITERAL_CONVERSION = YES;
				CLANG_WARN_OBJC_ROOT_CLASS = YES_ERROR;
				CLANG_WARN_QUOTED_INCLUDE_IN_FRAMEWORK_HEADER = YES;
				CLANG_WARN_RANGE_LOOP_ANALYSIS = YES;
				CLANG_WARN_STRICT_PROTOTYPES = YES;
				CLANG_WARN_SUSPICIOUS_MOVE = YES;
				CLANG_WARN_UNGUARDED_AVAILABILITY = YES_AGGRESSIVE;
				CLANG_WARN_UNREACHABLE_CODE = YES;
				CLANG_WARN__DUPLICATE_METHOD_MATCH = YES;
				COPY_PHASE_STRIP = NO;
				DEBUG_INFORMATION_FORMAT = dwarf;
				DEVELOPMENT_TEAM = 6NUFR97X3A;
				EMIT_FRONTEND_COMMAND_LINES = YES;
				ENABLE_STRICT_OBJC_MSGSEND = YES;
				ENABLE_TESTABILITY = YES;
				ENABLE_USER_SCRIPT_SANDBOXING = YES;
				GCC_C_LANGUAGE_STANDARD = gnu17;
				GCC_DYNAMIC_NO_PIC = NO;
				GCC_NO_COMMON_BLOCKS = YES;
				GCC_OPTIMIZATION_LEVEL = 0;
				GCC_PREPROCESSOR_DEFINITIONS = (
					"DEBUG=1",
					"$(inherited)",
				);
				GCC_WARN_64_TO_32_BIT_CONVERSION = YES;
				GCC_WARN_ABOUT_RETURN_TYPE = YES_ERROR;
				GCC_WARN_UNDECLARED_SELECTOR = YES;
				GCC_WARN_UNINITIALIZED_AUTOS = YES_AGGRESSIVE;
				GCC_WARN_UNUSED_FUNCTION = YES;
				GCC_WARN_UNUSED_VARIABLE = YES;
				IPHONEOS_DEPLOYMENT_TARGET = 18.5;
				LOCALIZATION_PREFERS_STRING_CATALOGS = YES;
				MTL_ENABLE_DEBUG_INFO = INCLUDE_SOURCE;
				MTL_FAST_MATH = YES;
				ONLY_ACTIVE_ARCH = YES;
				SDKROOT = iphoneos;
				SWIFT_ACTIVE_COMPILATION_CONDITIONS = "DEBUG $(inherited)";
				SWIFT_OPTIMIZATION_LEVEL = "-Onone";
			};
			name = Debug;
		};
		DDA9E85E2F1783FA0018E398 /* Release */ = {
			isa = XCBuildConfiguration;
			buildSettings = {
				ALWAYS_SEARCH_USER_PATHS = NO;
				ASSETCATALOG_COMPILER_GENERATE_SWIFT_ASSET_SYMBOL_EXTENSIONS = YES;
				CLANG_ANALYZER_NONNULL = YES;
				CLANG_ANALYZER_NUMBER_OBJECT_CONVERSION = YES_AGGRESSIVE;
				CLANG_CXX_LANGUAGE_STANDARD = "gnu++20";
				CLANG_ENABLE_MODULES = YES;
				CLANG_ENABLE_OBJC_ARC = YES;
				CLANG_ENABLE_OBJC_WEAK = YES;
				CLANG_WARN_BLOCK_CAPTURE_AUTORELEASING = YES;
				CLANG_WARN_BOOL_CONVERSION = YES;
				CLANG_WARN_COMMA = YES;
				CLANG_WARN_CONSTANT_CONVERSION = YES;
				CLANG_WARN_DEPRECATED_OBJC_IMPLEMENTATIONS = YES;
				CLANG_WARN_DIRECT_OBJC_ISA_USAGE = YES_ERROR;
				CLANG_WARN_DOCUMENTATION_COMMENTS = YES;
				CLANG_WARN_EMPTY_BODY = YES;
				CLANG_WARN_ENUM_CONVERSION = YES;
				CLANG_WARN_INFINITE_RECURSION = YES;
				CLANG_WARN_INT_CONVERSION = YES;
				CLANG_WARN_NON_LITERAL_NULL_CONVERSION = YES;
				CLANG_WARN_OBJC_IMPLICIT_RETAIN_SELF = YES;
				CLANG_WARN_OBJC_LITERAL_CONVERSION = YES;
				CLANG_WARN_OBJC_ROOT_CLASS = YES_ERROR;
				CLANG_WARN_QUOTED_INCLUDE_IN_FRAMEWORK_HEADER = YES;
				CLANG_WARN_RANGE_LOOP_ANALYSIS = YES;
				CLANG_WARN_STRICT_PROTOTYPES = YES;
				CLANG_WARN_SUSPICIOUS_MOVE = YES;
				CLANG_WARN_UNGUARDED_AVAILABILITY = YES_AGGRESSIVE;
				CLANG_WARN_UNREACHABLE_CODE = YES;
				CLANG_WARN__DUPLICATE_METHOD_MATCH = YES;
				COPY_PHASE_STRIP = NO;
				DEBUG_INFORMATION_FORMAT = "dwarf-with-dsym";
				DEVELOPMENT_TEAM = 6NUFR97X3A;
				EMIT_FRONTEND_COMMAND_LINES = NO;
				ENABLE_NS_ASSERTIONS = NO;
				ENABLE_STRICT_OBJC_MSGSEND = YES;
				ENABLE_USER_SCRIPT_SANDBOXING = YES;
				GCC_C_LANGUAGE_STANDARD = gnu17;
				GCC_NO_COMMON_BLOCKS = YES;
				GCC_WARN_64_TO_32_BIT_CONVERSION = YES;
				GCC_WARN_ABOUT_RETURN_TYPE = YES_ERROR;
				GCC_WARN_UNDECLARED_SELECTOR = YES;
				GCC_WARN_UNINITIALIZED_AUTOS = YES_AGGRESSIVE;
				GCC_WARN_UNUSED_FUNCTION = YES;
				GCC_WARN_UNUSED_VARIABLE = YES;
				IPHONEOS_DEPLOYMENT_TARGET = 18.5;
				LOCALIZATION_PREFERS_STRING_CATALOGS = YES;
				MTL_ENABLE_DEBUG_INFO = NO;
				MTL_FAST_MATH = YES;
				SDKROOT = iphoneos;
				SWIFT_COMPILATION_MODE = wholemodule;
				VALIDATE_PRODUCT = YES;
			};
			name = Release;
		};
		DDA9E8602F1783FA0018E398 /* Debug */ = {
			isa = XCBuildConfiguration;
			buildSettings = {
				ASSETCATALOG_COMPILER_APPICON_NAME = AppIcon;
				ASSETCATALOG_COMPILER_GLOBAL_ACCENT_COLOR_NAME = AccentColor;
				CODE_SIGN_STYLE = Automatic;
				CURRENT_PROJECT_VERSION = 1;
				DEVELOPMENT_TEAM = 6NUFR97X3A;
				ENABLE_PREVIEWS = YES;
				ENABLE_USER_SCRIPT_SANDBOXING = NO;
				GENERATE_INFOPLIST_FILE = YES;
				INFOPLIST_FILE = iCove/Info.plist;
				INFOPLIST_KEY_NSCameraUsageDescription = "This app requires access to your camera permission for taking photos, so that you can capture and upload photos and videos. All the captured data will be securely stored on your personal device. The uploading or sharing operations will only be carried out with your explicit consent.";
				INFOPLIST_KEY_NSLocationWhenInUseUsageDescription = "This app requires the permission to access your location information in order to provide you with more personalized services. Your location data will be strictly confidential and will only be used upon your active authorization, for the purpose of enhancing your overall usage experience.";
				INFOPLIST_KEY_NSMicrophoneUsageDescription = "This app requires access to your microphone permission to record audio so that you can have normal voice chats. We will only use or access the recorded content after obtaining your explicit authorization.";
				INFOPLIST_KEY_NSPhotoLibraryUsageDescription = "This app requires access to your album to let you select and upload photos and videos. Selected files are only used for your authorized purposes, stored securely on your device, and shared only when you choose to upload them.";
				INFOPLIST_KEY_UIApplicationSceneManifest_Generation = YES;
				INFOPLIST_KEY_UIApplicationSupportsIndirectInputEvents = YES;
				INFOPLIST_KEY_UILaunchScreen_Generation = YES;
				INFOPLIST_KEY_UISupportedInterfaceOrientations_iPad = "UIInterfaceOrientationPortrait UIInterfaceOrientationPortraitUpsideDown UIInterfaceOrientationLandscapeLeft UIInterfaceOrientationLandscapeRight";
				INFOPLIST_KEY_UISupportedInterfaceOrientations_iPhone = "UIInterfaceOrientationPortrait UIInterfaceOrientationLandscapeLeft UIInterfaceOrientationLandscapeRight";
				LD_RUNPATH_SEARCH_PATHS = (
					"$(inherited)",
					"@executable_path/Frameworks",
				);
				MARKETING_VERSION = 1.0;
				"OTHER_LDFLAGS[arch=*]" = (
					"-Xlinker",
					"-interposable",
				);
				PRODUCT_BUNDLE_IDENTIFIER = app.myfy.test;
				PRODUCT_NAME = "$(TARGET_NAME)";
				SWIFT_EMIT_LOC_STRINGS = YES;
				SWIFT_VERSION = 5.0;
				TARGETED_DEVICE_FAMILY = "1,2";
			};
			name = Debug;
		};
		DDA9E8612F1783FA0018E398 /* Release */ = {
			isa = XCBuildConfiguration;
			buildSettings = {
				ASSETCATALOG_COMPILER_APPICON_NAME = AppIcon;
				ASSETCATALOG_COMPILER_GLOBAL_ACCENT_COLOR_NAME = AccentColor;
				CODE_SIGN_STYLE = Automatic;
				CURRENT_PROJECT_VERSION = 1;
				DEVELOPMENT_TEAM = 6NUFR97X3A;
				ENABLE_PREVIEWS = YES;
				ENABLE_USER_SCRIPT_SANDBOXING = NO;
				GENERATE_INFOPLIST_FILE = YES;
				INFOPLIST_FILE = iCove/Info.plist;
				INFOPLIST_KEY_NSCameraUsageDescription = "This app requires access to your camera permission for taking photos, so that you can capture and upload photos and videos. All the captured data will be securely stored on your personal device. The uploading or sharing operations will only be carried out with your explicit consent.";
				INFOPLIST_KEY_NSLocationWhenInUseUsageDescription = "This app requires the permission to access your location information in order to provide you with more personalized services. Your location data will be strictly confidential and will only be used upon your active authorization, for the purpose of enhancing your overall usage experience.";
				INFOPLIST_KEY_NSMicrophoneUsageDescription = "This app requires access to your microphone permission to record audio so that you can have normal voice chats. We will only use or access the recorded content after obtaining your explicit authorization.";
				INFOPLIST_KEY_NSPhotoLibraryUsageDescription = "This app requires access to your album to let you select and upload photos and videos. Selected files are only used for your authorized purposes, stored securely on your device, and shared only when you choose to upload them.";
				INFOPLIST_KEY_UIApplicationSceneManifest_Generation = YES;
				INFOPLIST_KEY_UIApplicationSupportsIndirectInputEvents = YES;
				INFOPLIST_KEY_UILaunchScreen_Generation = YES;
				INFOPLIST_KEY_UISupportedInterfaceOrientations_iPad = "UIInterfaceOrientationPortrait UIInterfaceOrientationPortraitUpsideDown UIInterfaceOrientationLandscapeLeft UIInterfaceOrientationLandscapeRight";
				INFOPLIST_KEY_UISupportedInterfaceOrientations_iPhone = "UIInterfaceOrientationPortrait UIInterfaceOrientationLandscapeLeft UIInterfaceOrientationLandscapeRight";
				LD_RUNPATH_SEARCH_PATHS = (
					"$(inherited)",
					"@executable_path/Frameworks",
				);
				MARKETING_VERSION = 1.0;
				PRODUCT_BUNDLE_IDENTIFIER = app.myfy.test;
				PRODUCT_NAME = "$(TARGET_NAME)";
				SWIFT_EMIT_LOC_STRINGS = YES;
				SWIFT_VERSION = 5.0;
				TARGETED_DEVICE_FAMILY = "1,2";
			};
			name = Release;
		};
		DDA9E8632F1783FA0018E398 /* Debug */ = {
			isa = XCBuildConfiguration;
			buildSettings = {
				BUNDLE_LOADER = "$(TEST_HOST)";
				CODE_SIGN_STYLE = Automatic;
				CURRENT_PROJECT_VERSION = 1;
				DEVELOPMENT_TEAM = 6NUFR97X3A;
				GENERATE_INFOPLIST_FILE = YES;
				IPHONEOS_DEPLOYMENT_TARGET = 18.5;
				MARKETING_VERSION = 1.0;
				PRODUCT_BUNDLE_IDENTIFIER = com.jswqsgwlhywr.icove.iCoveTests;
				PRODUCT_NAME = "$(TARGET_NAME)";
				SWIFT_EMIT_LOC_STRINGS = NO;
				SWIFT_VERSION = 5.0;
				TARGETED_DEVICE_FAMILY = "1,2";
				TEST_HOST = "$(BUILT_PRODUCTS_DIR)/iCove.app/$(BUNDLE_EXECUTABLE_FOLDER_PATH)/iCove";
			};
			name = Debug;
		};
		DDA9E8642F1783FA0018E398 /* Release */ = {
			isa = XCBuildConfiguration;
			buildSettings = {
				BUNDLE_LOADER = "$(TEST_HOST)";
				CODE_SIGN_STYLE = Automatic;
				CURRENT_PROJECT_VERSION = 1;
				DEVELOPMENT_TEAM = 6NUFR97X3A;
				GENERATE_INFOPLIST_FILE = YES;
				IPHONEOS_DEPLOYMENT_TARGET = 18.5;
				MARKETING_VERSION = 1.0;
				PRODUCT_BUNDLE_IDENTIFIER = com.jswqsgwlhywr.icove.iCoveTests;
				PRODUCT_NAME = "$(TARGET_NAME)";
				SWIFT_EMIT_LOC_STRINGS = NO;
				SWIFT_VERSION = 5.0;
				TARGETED_DEVICE_FAMILY = "1,2";
				TEST_HOST = "$(BUILT_PRODUCTS_DIR)/iCove.app/$(BUNDLE_EXECUTABLE_FOLDER_PATH)/iCove";
			};
			name = Release;
		};
		DDA9E8662F1783FA0018E398 /* Debug */ = {
			isa = XCBuildConfiguration;
			buildSettings = {
				CODE_SIGN_STYLE = Automatic;
				CURRENT_PROJECT_VERSION = 1;
				DEVELOPMENT_TEAM = 6NUFR97X3A;
				GENERATE_INFOPLIST_FILE = YES;
				MARKETING_VERSION = 1.0;
				PRODUCT_BUNDLE_IDENTIFIER = com.jswqsgwlhywr.icove.iCoveUITests;
				PRODUCT_NAME = "$(TARGET_NAME)";
				SWIFT_EMIT_LOC_STRINGS = NO;
				SWIFT_VERSION = 5.0;
				TARGETED_DEVICE_FAMILY = "1,2";
				TEST_TARGET_NAME = iCove;
			};
			name = Debug;
		};
		DDA9E8672F1783FA0018E398 /* Release */ = {
			isa = XCBuildConfiguration;
			buildSettings = {
				CODE_SIGN_STYLE = Automatic;
				CURRENT_PROJECT_VERSION = 1;
				DEVELOPMENT_TEAM = 6NUFR97X3A;
				GENERATE_INFOPLIST_FILE = YES;
				MARKETING_VERSION = 1.0;
				PRODUCT_BUNDLE_IDENTIFIER = com.jswqsgwlhywr.icove.iCoveUITests;
				PRODUCT_NAME = "$(TARGET_NAME)";
				SWIFT_EMIT_LOC_STRINGS = NO;
				SWIFT_VERSION = 5.0;
				TARGETED_DEVICE_FAMILY = "1,2";
				TEST_TARGET_NAME = iCove;
			};
			name = Release;
		};
/* End XCBuildConfiguration section */

/* Begin XCConfigurationList section */
		DDA9E8392F1783F90018E398 /* Build configuration list for PBXProject "iCove" */ = {
			isa = XCConfigurationList;
			buildConfigurations = (
				DDA9E85D2F1783FA0018E398 /* Debug */,
				DDA9E85E2F1783FA0018E398 /* Release */,
			);
			defaultConfigurationIsVisible = 0;
			defaultConfigurationName = Release;
		};
		DDA9E85F2F1783FA0018E398 /* Build configuration list for PBXNativeTarget "iCove" */ = {
			isa = XCConfigurationList;
			buildConfigurations = (
				DDA9E8602F1783FA0018E398 /* Debug */,
				DDA9E8612F1783FA0018E398 /* Release */,
			);
			defaultConfigurationIsVisible = 0;
			defaultConfigurationName = Release;
		};
		DDA9E8622F1783FA0018E398 /* Build configuration list for PBXNativeTarget "iCoveTests" */ = {
			isa = XCConfigurationList;
			buildConfigurations = (
				DDA9E8632F1783FA0018E398 /* Debug */,
				DDA9E8642F1783FA0018E398 /* Release */,
			);
			defaultConfigurationIsVisible = 0;
			defaultConfigurationName = Release;
		};
		DDA9E8652F1783FA0018E398 /* Build configuration list for PBXNativeTarget "iCoveUITests" */ = {
			isa = XCConfigurationList;
			buildConfigurations = (
				DDA9E8662F1783FA0018E398 /* Debug */,
				DDA9E8672F1783FA0018E398 /* Release */,
			);
			defaultConfigurationIsVisible = 0;
			defaultConfigurationName = Release;
		};
/* End XCConfigurationList section */

/* Begin XCRemoteSwiftPackageReference section */
		DD7AE1F42F18D9090042B373 /* XCRemoteSwiftPackageReference "HotSwiftUI" */ = {
			isa = XCRemoteSwiftPackageReference;
			repositoryURL = "https://github.com/johnno1962/HotSwiftUI";
			requirement = {
				kind = upToNextMajorVersion;
				minimumVersion = 1.2.4;
			};
		};
/* End XCRemoteSwiftPackageReference section */

/* Begin XCSwiftPackageProductDependency section */
		DD7AE1F52F18D90A0042B373 /* HotSwiftUI */ = {
			isa = XCSwiftPackageProductDependency;
			package = DD7AE1F42F18D9090042B373 /* XCRemoteSwiftPackageReference "HotSwiftUI" */;
			productName = HotSwiftUI;
		};
/* End XCSwiftPackageProductDependency section */
	};
	rootObject = DDA9E8362F1783F90018E398 /* Project object */;
}
