{
  "originHash" : "aeb4bf5c3ee8b69cf108ae3e1d48945639a2cab450a8edc820d7547a3e66f7ba",
  "pins" : [
    {
      "identity" : "hotswiftui",
      "kind" : "remoteSourceControl",
      "location" : "https://github.com/johnno1962/HotSwiftUI",
      "state" : {
        "revision" : "9e701abd2da67c7cfac5b70ae6f225fa92a1c7bc",
        "version" : "1.2.4"
      }
    }
  ],
  "version" : 3
}
